
Microsoft Visual Studio Solution File, Format Version 12.00
# Visual Studio Version 17
VisualStudioVersion = 17.14.36127.28 d17.14
MinimumVisualStudioVersion = 10.0.40219.1
Project("{8BC9CEB8-8B4A-11D0-8D11-00A0C91BC942}") = "дз окружность", "дз окружность\дз окружность.vcxproj", "{AED7A7E8-A9A9-4907-9E07-C4713E5D81FD}"
EndProject
Global
	GlobalSection(SolutionConfigurationPlatforms) = preSolution
		Debug|x64 = Debug|x64
		Debug|x86 = Debug|x86
		Release|x64 = Release|x64
		Release|x86 = Release|x86
	EndGlobalSection
	GlobalSection(ProjectConfigurationPlatforms) = postSolution
		{AED7A7E8-A9A9-4907-9E07-C4713E5D81FD}.Debug|x64.ActiveCfg = Debug|x64
		{AED7A7E8-A9A9-4907-9E07-C4713E5D81FD}.Debug|x64.Build.0 = Debug|x64
		{AED7A7E8-A9A9-4907-9E07-C4713E5D81FD}.Debug|x86.ActiveCfg = Debug|Win32
		{AED7A7E8-A9A9-4907-9E07-C4713E5D81FD}.Debug|x86.Build.0 = Debug|Win32
		{AED7A7E8-A9A9-4907-9E07-C4713E5D81FD}.Release|x64.ActiveCfg = Release|x64
		{AED7A7E8-A9A9-4907-9E07-C4713E5D81FD}.Release|x64.Build.0 = Release|x64
		{AED7A7E8-A9A9-4907-9E07-C4713E5D81FD}.Release|x86.ActiveCfg = Release|Win32
		{AED7A7E8-A9A9-4907-9E07-C4713E5D81FD}.Release|x86.Build.0 = Release|Win32
	EndGlobalSection
	GlobalSection(SolutionProperties) = preSolution
		HideSolutionNode = FALSE
	EndGlobalSection
	GlobalSection(ExtensibilityGlobals) = postSolution
		SolutionGuid = {AD1A22BC-D5B3-41FC-AA3F-05518E6CBE9E}
	EndGlobalSection
EndGlobal
