
Microsoft Visual Studio Solution File, Format Version 12.00
# Visual Studio Version 17
VisualStudioVersion = 17.14.36127.28 d17.14
MinimumVisualStudioVersion = 10.0.40219.1
Project("{8BC9CEB8-8B4A-11D0-8D11-00A0C91BC942}") = "дз первое со студентом", "дз первое со студентом\дз первое со студентом.vcxproj", "{914B7109-8555-432A-B806-7E12EE890741}"
EndProject
Global
	GlobalSection(SolutionConfigurationPlatforms) = preSolution
		Debug|x64 = Debug|x64
		Debug|x86 = Debug|x86
		Release|x64 = Release|x64
		Release|x86 = Release|x86
	EndGlobalSection
	GlobalSection(ProjectConfigurationPlatforms) = postSolution
		{914B7109-8555-432A-B806-7E12EE890741}.Debug|x64.ActiveCfg = Debug|x64
		{914B7109-8555-432A-B806-7E12EE890741}.Debug|x64.Build.0 = Debug|x64
		{914B7109-8555-432A-B806-7E12EE890741}.Debug|x86.ActiveCfg = Debug|Win32
		{914B7109-8555-432A-B806-7E12EE890741}.Debug|x86.Build.0 = Debug|Win32
		{914B7109-8555-432A-B806-7E12EE890741}.Release|x64.ActiveCfg = Release|x64
		{914B7109-8555-432A-B806-7E12EE890741}.Release|x64.Build.0 = Release|x64
		{914B7109-8555-432A-B806-7E12EE890741}.Release|x86.ActiveCfg = Release|Win32
		{914B7109-8555-432A-B806-7E12EE890741}.Release|x86.Build.0 = Release|Win32
	EndGlobalSection
	GlobalSection(SolutionProperties) = preSolution
		HideSolutionNode = FALSE
	EndGlobalSection
	GlobalSection(ExtensibilityGlobals) = postSolution
		SolutionGuid = {F8F9DA82-9BC2-45B3-848B-93ABE71FAFE4}
	EndGlobalSection
EndGlobal
